
Microsoft Visual Studio Solution File, Format Version 12.00
# Visual Studio Version 16
VisualStudioVersion = 16.0.34729.46
MinimumVisualStudioVersion = 10.0.40219.1
Project("{FAE04EC0-301F-11D3-BF4B-00C04F79EFBC}") = "BookStore-API", "BookStore-API\BookStore-API.csproj", "{7419A844-B3E1-46E3-992A-387424ECA9B3}"
EndProject
Global
	GlobalSection(SolutionConfigurationPlatforms) = preSolution
		Debug|Any CPU = Debug|Any CPU
		Release|Any CPU = Release|Any CPU
	EndGlobalSection
	GlobalSection(ProjectConfigurationPlatforms) = postSolution
		{7419A844-B3E1-46E3-992A-387424ECA9B3}.Debug|Any CPU.ActiveCfg = Debug|Any CPU
		{7419A844-B3E1-46E3-992A-387424ECA9B3}.Debug|Any CPU.Build.0 = Debug|Any CPU
		{7419A844-B3E1-46E3-992A-387424ECA9B3}.Release|Any CPU.ActiveCfg = Release|Any CPU
		{7419A844-B3E1-46E3-992A-387424ECA9B3}.Release|Any CPU.Build.0 = Release|Any CPU
	EndGlobalSection
	GlobalSection(SolutionProperties) = preSolution
		HideSolutionNode = FALSE
	EndGlobalSection
	GlobalSection(ExtensibilityGlobals) = postSolution
		SolutionGuid = {B90B9873-FB16-450E-8161-6A34910C6FBD}
	EndGlobalSection
EndGlobal
